// !$*UTF8*$!
{
	archiveVersion = 1;
	classes = {
	};
	objectVersion = 46;
	objects = {

/* Begin PBXBuildFile section */
		41D7F297809FAB8973D96572 /* libPods.a in Frameworks */ = {isa = PBXBuildFile; fileRef = 013075F7C32808F60ABA0AFA /* libPods.a */; };
		A149481C1C20C84F00DCAFC9 /* ReleaseService.swift in Sources */ = {isa = PBXBuildFile; fileRef = A149481B1C20C84F00DCAFC9 /* ReleaseService.swift */; };
		A1C938E01C18EC0B005107CE /* AppDelegate.swift in Sources */ = {isa = PBXBuildFile; fileRef = A1C938DF1C18EC0B005107CE /* AppDelegate.swift */; };
		A1C938E31C18EC0B005107CE /* pivotaltracker_roadmap.xcdatamodeld in Sources */ = {isa = PBXBuildFile; fileRef = A1C938E11C18EC0B005107CE /* pivotaltracker_roadmap.xcdatamodeld */; };
		A1C938E81C18EC0B005107CE /* Main.storyboard in Resources */ = {isa = PBXBuildFile; fileRef = A1C938E61C18EC0B005107CE /* Main.storyboard */; };
		A1C938EA1C18EC0C005107CE /* Images.xcassets in Resources */ = {isa = PBXBuildFile; fileRef = A1C938E91C18EC0C005107CE /* Images.xcassets */; };
		A1C938ED1C18EC0C005107CE /* LaunchScreen.xib in Resources */ = {isa = PBXBuildFile; fileRef = A1C938EB1C18EC0C005107CE /* LaunchScreen.xib */; };
		A1C938F91C18EC0C005107CE /* pivotaltracker_roadmapTests.swift in Sources */ = {isa = PBXBuildFile; fileRef = A1C938F81C18EC0C005107CE /* pivotaltracker_roadmapTests.swift */; };
		A1C9390B1C19AF8B005107CE /* RoadmapController.swift in Sources */ = {isa = PBXBuildFile; fileRef = A1C9390A1C19AF8B005107CE /* RoadmapController.swift */; };
		A1C9390E1C19B5B8005107CE /* Release.swift in Sources */ = {isa = PBXBuildFile; fileRef = A1C9390D1C19B5B8005107CE /* Release.swift */; };
		A1C939111C19D6DF005107CE /* ReleaseState.swift in Sources */ = {isa = PBXBuildFile; fileRef = A1C939101C19D6DF005107CE /* ReleaseState.swift */; };
		A1C939161C1A1180005107CE /* ServiceConnector.swift in Sources */ = {isa = PBXBuildFile; fileRef = A1C939151C1A1180005107CE /* ServiceConnector.swift */; };
		A1C9391A1C1B0856005107CE /* FetchedResultsControllerDataSource.swift in Sources */ = {isa = PBXBuildFile; fileRef = A1C939191C1B0856005107CE /* FetchedResultsControllerDataSource.swift */; };
/* End PBXBuildFile section */

/* Begin PBXContainerItemProxy section */
		A1C938F31C18EC0C005107CE /* PBXContainerItemProxy */ = {
			isa = PBXContainerItemProxy;
			containerPortal = A1C938D21C18EC0B005107CE /* Project object */;
			proxyType = 1;
			remoteGlobalIDString = A1C938D91C18EC0B005107CE;
			remoteInfo = pivotaltracker_roadmap;
		};
/* End PBXContainerItemProxy section */

/* Begin PBXFileReference section */
		013075F7C32808F60ABA0AFA /* libPods.a */ = {isa = PBXFileReference; explicitFileType = archive.ar; includeInIndex = 0; path = libPods.a; sourceTree = BUILT_PRODUCTS_DIR; };
		50BC1E9E347625E52E5BF0A6 /* Pods.debug.xcconfig */ = {isa = PBXFileReference; includeInIndex = 1; lastKnownFileType = text.xcconfig; name = Pods.debug.xcconfig; path = "Pods/Target Support Files/Pods/Pods.debug.xcconfig"; sourceTree = "<group>"; };
		A149481B1C20C84F00DCAFC9 /* ReleaseService.swift */ = {isa = PBXFileReference; fileEncoding = 4; lastKnownFileType = sourcecode.swift; path = ReleaseService.swift; sourceTree = "<group>"; };
		A1C938DA1C18EC0B005107CE /* pivotaltracker_roadmap.app */ = {isa = PBXFileReference; explicitFileType = wrapper.application; includeInIndex = 0; path = pivotaltracker_roadmap.app; sourceTree = BUILT_PRODUCTS_DIR; };
		A1C938DE1C18EC0B005107CE /* Info.plist */ = {isa = PBXFileReference; lastKnownFileType = text.plist.xml; path = Info.plist; sourceTree = "<group>"; };
		A1C938DF1C18EC0B005107CE /* AppDelegate.swift */ = {isa = PBXFileReference; lastKnownFileType = sourcecode.swift; path = AppDelegate.swift; sourceTree = "<group>"; };
		A1C938E21C18EC0B005107CE /* pivotaltracker_roadmap.xcdatamodel */ = {isa = PBXFileReference; lastKnownFileType = wrapper.xcdatamodel; path = pivotaltracker_roadmap.xcdatamodel; sourceTree = "<group>"; };
		A1C938E71C18EC0B005107CE /* Base */ = {isa = PBXFileReference; lastKnownFileType = file.storyboard; name = Base; path = Base.lproj/Main.storyboard; sourceTree = "<group>"; };
		A1C938E91C18EC0C005107CE /* Images.xcassets */ = {isa = PBXFileReference; lastKnownFileType = folder.assetcatalog; path = Images.xcassets; sourceTree = "<group>"; };
		A1C938EC1C18EC0C005107CE /* Base */ = {isa = PBXFileReference; lastKnownFileType = file.xib; name = Base; path = Base.lproj/LaunchScreen.xib; sourceTree = "<group>"; };
		A1C938F21C18EC0C005107CE /* pivotaltracker_roadmapTests.xctest */ = {isa = PBXFileReference; explicitFileType = wrapper.cfbundle; includeInIndex = 0; path = pivotaltracker_roadmapTests.xctest; sourceTree = BUILT_PRODUCTS_DIR; };
		A1C938F71C18EC0C005107CE /* Info.plist */ = {isa = PBXFileReference; lastKnownFileType = text.plist.xml; path = Info.plist; sourceTree = "<group>"; };
		A1C938F81C18EC0C005107CE /* pivotaltracker_roadmapTests.swift */ = {isa = PBXFileReference; lastKnownFileType = sourcecode.swift; path = pivotaltracker_roadmapTests.swift; sourceTree = "<group>"; };
		A1C9390A1C19AF8B005107CE /* RoadmapController.swift */ = {isa = PBXFileReference; fileEncoding = 4; lastKnownFileType = sourcecode.swift; path = RoadmapController.swift; sourceTree = "<group>"; };
		A1C9390D1C19B5B8005107CE /* Release.swift */ = {isa = PBXFileReference; fileEncoding = 4; lastKnownFileType = sourcecode.swift; path = Release.swift; sourceTree = "<group>"; };
		A1C939101C19D6DF005107CE /* ReleaseState.swift */ = {isa = PBXFileReference; fileEncoding = 4; lastKnownFileType = sourcecode.swift; path = ReleaseState.swift; sourceTree = "<group>"; };
		A1C939151C1A1180005107CE /* ServiceConnector.swift */ = {isa = PBXFileReference; fileEncoding = 4; lastKnownFileType = sourcecode.swift; path = ServiceConnector.swift; sourceTree = "<group>"; };
		A1C939171C1A1B4D005107CE /* pivotaltracker_roadmap-Bridging-Header.h */ = {isa = PBXFileReference; lastKnownFileType = sourcecode.c.h; path = "pivotaltracker_roadmap-Bridging-Header.h"; sourceTree = "<group>"; };
		A1C939191C1B0856005107CE /* FetchedResultsControllerDataSource.swift */ = {isa = PBXFileReference; fileEncoding = 4; lastKnownFileType = sourcecode.swift; path = FetchedResultsControllerDataSource.swift; sourceTree = "<group>"; };
		B633F52AF6F576A91A3D452C /* Pods.release.xcconfig */ = {isa = PBXFileReference; includeInIndex = 1; lastKnownFileType = text.xcconfig; name = Pods.release.xcconfig; path = "Pods/Target Support Files/Pods/Pods.release.xcconfig"; sourceTree = "<group>"; };
/* End PBXFileReference section */

/* Begin PBXFrameworksBuildPhase section */
		A1C938D71C18EC0B005107CE /* Frameworks */ = {
			isa = PBXFrameworksBuildPhase;
			buildActionMask = 2147483647;
			files = (
				41D7F297809FAB8973D96572 /* libPods.a in Frameworks */,
			);
			runOnlyForDeploymentPostprocessing = 0;
		};
		A1C938EF1C18EC0C005107CE /* Frameworks */ = {
			isa = PBXFrameworksBuildPhase;
			buildActionMask = 2147483647;
			files = (
			);
			runOnlyForDeploymentPostprocessing = 0;
		};
/* End PBXFrameworksBuildPhase section */

/* Begin PBXGroup section */
		A1C938D11C18EC0B005107CE = {
			isa = PBXGroup;
			children = (
				A1C938DC1C18EC0B005107CE /* pivotaltracker_roadmap */,
				A1C939171C1A1B4D005107CE /* pivotaltracker_roadmap-Bridging-Header.h */,
				A1C938F51C18EC0C005107CE /* pivotaltracker_roadmapTests */,
				A1C938DB1C18EC0B005107CE /* Products */,
				ABB4F366AF0BAE6DAF0684BA /* Pods */,
				C2870A6223650B3005FE7EB0 /* Frameworks */,
			);
			sourceTree = "<group>";
		};
		A1C938DB1C18EC0B005107CE /* Products */ = {
			isa = PBXGroup;
			children = (
				A1C938DA1C18EC0B005107CE /* pivotaltracker_roadmap.app */,
				A1C938F21C18EC0C005107CE /* pivotaltracker_roadmapTests.xctest */,
			);
			name = Products;
			sourceTree = "<group>";
		};
		A1C938DC1C18EC0B005107CE /* pivotaltracker_roadmap */ = {
			isa = PBXGroup;
			children = (
				A1C939181C1B02E3005107CE /* Persistence */,
				A1C939121C19E14C005107CE /* Connector */,
				A1C9390F1C19D6C4005107CE /* Enums */,
				A1C9390C1C19B3B2005107CE /* Models */,
				A1C939051C19AE9B005107CE /* Controllers */,
				A1C939041C19ADAF005107CE /* Views */,
				A1C938DF1C18EC0B005107CE /* AppDelegate.swift */,
				A1C938E91C18EC0C005107CE /* Images.xcassets */,
				A1C938EB1C18EC0C005107CE /* LaunchScreen.xib */,
				A1C938E11C18EC0B005107CE /* pivotaltracker_roadmap.xcdatamodeld */,
				A1C938DD1C18EC0B005107CE /* Supporting Files */,
			);
			path = pivotaltracker_roadmap;
			sourceTree = "<group>";
		};
		A1C938DD1C18EC0B005107CE /* Supporting Files */ = {
			isa = PBXGroup;
			children = (
				A1C938DE1C18EC0B005107CE /* Info.plist */,
			);
			name = "Supporting Files";
			sourceTree = "<group>";
		};
		A1C938F51C18EC0C005107CE /* pivotaltracker_roadmapTests */ = {
			isa = PBXGroup;
			children = (
				A1C938F81C18EC0C005107CE /* pivotaltracker_roadmapTests.swift */,
				A1C938F61C18EC0C005107CE /* Supporting Files */,
			);
			path = pivotaltracker_roadmapTests;
			sourceTree = "<group>";
		};
		A1C938F61C18EC0C005107CE /* Supporting Files */ = {
			isa = PBXGroup;
			children = (
				A1C938F71C18EC0C005107CE /* Info.plist */,
			);
			name = "Supporting Files";
			sourceTree = "<group>";
		};
		A1C939041C19ADAF005107CE /* Views */ = {
			isa = PBXGroup;
			children = (
				A1C938E61C18EC0B005107CE /* Main.storyboard */,
			);
			name = Views;
			sourceTree = "<group>";
		};
		A1C939051C19AE9B005107CE /* Controllers */ = {
			isa = PBXGroup;
			children = (
				A1C9390A1C19AF8B005107CE /* RoadmapController.swift */,
			);
			name = Controllers;
			sourceTree = "<group>";
		};
		A1C9390C1C19B3B2005107CE /* Models */ = {
			isa = PBXGroup;
			children = (
				A1C9390D1C19B5B8005107CE /* Release.swift */,
			);
			name = Models;
			sourceTree = "<group>";
		};
		A1C9390F1C19D6C4005107CE /* Enums */ = {
			isa = PBXGroup;
			children = (
				A1C939101C19D6DF005107CE /* ReleaseState.swift */,
			);
			name = Enums;
			sourceTree = "<group>";
		};
		A1C939121C19E14C005107CE /* Connector */ = {
			isa = PBXGroup;
			children = (
				A149481B1C20C84F00DCAFC9 /* ReleaseService.swift */,
				A1C939151C1A1180005107CE /* ServiceConnector.swift */,
			);
			name = Connector;
			sourceTree = "<group>";
		};
		A1C939181C1B02E3005107CE /* Persistence */ = {
			isa = PBXGroup;
			children = (
				A1C939191C1B0856005107CE /* FetchedResultsControllerDataSource.swift */,
			);
			name = Persistence;
			sourceTree = "<group>";
		};
		ABB4F366AF0BAE6DAF0684BA /* Pods */ = {
			isa = PBXGroup;
			children = (
				50BC1E9E347625E52E5BF0A6 /* Pods.debug.xcconfig */,
				B633F52AF6F576A91A3D452C /* Pods.release.xcconfig */,
			);
			name = Pods;
			sourceTree = "<group>";
		};
		C2870A6223650B3005FE7EB0 /* Frameworks */ = {
			isa = PBXGroup;
			children = (
				013075F7C32808F60ABA0AFA /* libPods.a */,
			);
			name = Frameworks;
			sourceTree = "<group>";
		};
/* End PBXGroup section */

/* Begin PBXNativeTarget section */
		A1C938D91C18EC0B005107CE /* pivotaltracker_roadmap */ = {
			isa = PBXNativeTarget;
			buildConfigurationList = A1C938FC1C18EC0C005107CE /* Build configuration list for PBXNativeTarget "pivotaltracker_roadmap" */;
			buildPhases = (
				8DA61D8B4FDB37E772B4BE33 /* Check Pods Manifest.lock */,
				A1C938D61C18EC0B005107CE /* Sources */,
				A1C938D71C18EC0B005107CE /* Frameworks */,
				A1C938D81C18EC0B005107CE /* Resources */,
				D55BC9564C7E3397373927A4 /* Embed Pods Frameworks */,
				2A5BDBC44E74D5FC23E80FE6 /* Copy Pods Resources */,
			);
			buildRules = (
			);
			dependencies = (
			);
			name = pivotaltracker_roadmap;
			productName = pivotaltracker_roadmap;
			productReference = A1C938DA1C18EC0B005107CE /* pivotaltracker_roadmap.app */;
			productType = "com.apple.product-type.application";
		};
		A1C938F11C18EC0C005107CE /* pivotaltracker_roadmapTests */ = {
			isa = PBXNativeTarget;
			buildConfigurationList = A1C938FF1C18EC0C005107CE /* Build configuration list for PBXNativeTarget "pivotaltracker_roadmapTests" */;
			buildPhases = (
				A1C938EE1C18EC0C005107CE /* Sources */,
				A1C938EF1C18EC0C005107CE /* Frameworks */,
				A1C938F01C18EC0C005107CE /* Resources */,
			);
			buildRules = (
			);
			dependencies = (
				A1C938F41C18EC0C005107CE /* PBXTargetDependency */,
			);
			name = pivotaltracker_roadmapTests;
			productName = pivotaltracker_roadmapTests;
			productReference = A1C938F21C18EC0C005107CE /* pivotaltracker_roadmapTests.xctest */;
			productType = "com.apple.product-type.bundle.unit-test";
		};
/* End PBXNativeTarget section */

/* Begin PBXProject section */
		A1C938D21C18EC0B005107CE /* Project object */ = {
			isa = PBXProject;
			attributes = {
				LastUpgradeCheck = 0630;
				ORGANIZATIONNAME = iTatay;
				TargetAttributes = {
					A1C938D91C18EC0B005107CE = {
						CreatedOnToolsVersion = 6.3.2;
					};
					A1C938F11C18EC0C005107CE = {
						CreatedOnToolsVersion = 6.3.2;
						TestTargetID = A1C938D91C18EC0B005107CE;
					};
				};
			};
			buildConfigurationList = A1C938D51C18EC0B005107CE /* Build configuration list for PBXProject "pivotaltracker_roadmap" */;
			compatibilityVersion = "Xcode 3.2";
			developmentRegion = English;
			hasScannedForEncodings = 0;
			knownRegions = (
				en,
				Base,
			);
			mainGroup = A1C938D11C18EC0B005107CE;
			productRefGroup = A1C938DB1C18EC0B005107CE /* Products */;
			projectDirPath = "";
			projectRoot = "";
			targets = (
				A1C938D91C18EC0B005107CE /* pivotaltracker_roadmap */,
				A1C938F11C18EC0C005107CE /* pivotaltracker_roadmapTests */,
			);
		};
/* End PBXProject section */

/* Begin PBXResourcesBuildPhase section */
		A1C938D81C18EC0B005107CE /* Resources */ = {
			isa = PBXResourcesBuildPhase;
			buildActionMask = 2147483647;
			files = (
				A1C938E81C18EC0B005107CE /* Main.storyboard in Resources */,
				A1C938ED1C18EC0C005107CE /* LaunchScreen.xib in Resources */,
				A1C938EA1C18EC0C005107CE /* Images.xcassets in Resources */,
			);
			runOnlyForDeploymentPostprocessing = 0;
		};
		A1C938F01C18EC0C005107CE /* Resources */ = {
			isa = PBXResourcesBuildPhase;
			buildActionMask = 2147483647;
			files = (
			);
			runOnlyForDeploymentPostprocessing = 0;
		};
/* End PBXResourcesBuildPhase section */

/* Begin PBXShellScriptBuildPhase section */
		2A5BDBC44E74D5FC23E80FE6 /* Copy Pods Resources */ = {
			isa = PBXShellScriptBuildPhase;
			buildActionMask = 2147483647;
			files = (
			);
			inputPaths = (
			);
			name = "Copy Pods Resources";
			outputPaths = (
			);
			runOnlyForDeploymentPostprocessing = 0;
			shellPath = /bin/sh;
			shellScript = "\"${SRCROOT}/Pods/Target Support Files/Pods/Pods-resources.sh\"\n";
			showEnvVarsInLog = 0;
		};
		8DA61D8B4FDB37E772B4BE33 /* Check Pods Manifest.lock */ = {
			isa = PBXShellScriptBuildPhase;
			buildActionMask = 2147483647;
			files = (
			);
			inputPaths = (
			);
			name = "Check Pods Manifest.lock";
			outputPaths = (
			);
			runOnlyForDeploymentPostprocessing = 0;
			shellPath = /bin/sh;
			shellScript = "diff \"${PODS_ROOT}/../Podfile.lock\" \"${PODS_ROOT}/Manifest.lock\" > /dev/null\nif [[ $? != 0 ]] ; then\n    cat << EOM\nerror: The sandbox is not in sync with the Podfile.lock. Run 'pod install' or update your CocoaPods installation.\nEOM\n    exit 1\nfi\n";
			showEnvVarsInLog = 0;
		};
		D55BC9564C7E3397373927A4 /* Embed Pods Frameworks */ = {
			isa = PBXShellScriptBuildPhase;
			buildActionMask = 2147483647;
			files = (
			);
			inputPaths = (
			);
			name = "Embed Pods Frameworks";
			outputPaths = (
			);
			runOnlyForDeploymentPostprocessing = 0;
			shellPath = /bin/sh;
			shellScript = "\"${SRCROOT}/Pods/Target Support Files/Pods/Pods-frameworks.sh\"\n";
			showEnvVarsInLog = 0;
		};
/* End PBXShellScriptBuildPhase section */

/* Begin PBXSourcesBuildPhase section */
		A1C938D61C18EC0B005107CE /* Sources */ = {
			isa = PBXSourcesBuildPhase;
			buildActionMask = 2147483647;
			files = (
				A1C9390E1C19B5B8005107CE /* Release.swift in Sources */,
				A149481C1C20C84F00DCAFC9 /* ReleaseService.swift in Sources */,
				A1C938E01C18EC0B005107CE /* AppDelegate.swift in Sources */,
				A1C9391A1C1B0856005107CE /* FetchedResultsControllerDataSource.swift in Sources */,
				A1C939161C1A1180005107CE /* ServiceConnector.swift in Sources */,
				A1C938E31C18EC0B005107CE /* pivotaltracker_roadmap.xcdatamodeld in Sources */,
				A1C9390B1C19AF8B005107CE /* RoadmapController.swift in Sources */,
				A1C939111C19D6DF005107CE /* ReleaseState.swift in Sources */,
			);
			runOnlyForDeploymentPostprocessing = 0;
		};
		A1C938EE1C18EC0C005107CE /* Sources */ = {
			isa = PBXSourcesBuildPhase;
			buildActionMask = 2147483647;
			files = (
				A1C938F91C18EC0C005107CE /* pivotaltracker_roadmapTests.swift in Sources */,
			);
			runOnlyForDeploymentPostprocessing = 0;
		};
/* End PBXSourcesBuildPhase section */

/* Begin PBXTargetDependency section */
		A1C938F41C18EC0C005107CE /* PBXTargetDependency */ = {
			isa = PBXTargetDependency;
			target = A1C938D91C18EC0B005107CE /* pivotaltracker_roadmap */;
			targetProxy = A1C938F31C18EC0C005107CE /* PBXContainerItemProxy */;
		};
/* End PBXTargetDependency section */

/* Begin PBXVariantGroup section */
		A1C938E61C18EC0B005107CE /* Main.storyboard */ = {
			isa = PBXVariantGroup;
			children = (
				A1C938E71C18EC0B005107CE /* Base */,
			);
			name = Main.storyboard;
			sourceTree = "<group>";
		};
		A1C938EB1C18EC0C005107CE /* LaunchScreen.xib */ = {
			isa = PBXVariantGroup;
			children = (
				A1C938EC1C18EC0C005107CE /* Base */,
			);
			name = LaunchScreen.xib;
			sourceTree = "<group>";
		};
/* End PBXVariantGroup section */

/* Begin XCBuildConfiguration section */
		A1C938FA1C18EC0C005107CE /* Debug */ = {
			isa = XCBuildConfiguration;
			buildSettings = {
				ALWAYS_SEARCH_USER_PATHS = NO;
				CLANG_CXX_LANGUAGE_STANDARD = "gnu++0x";
				CLANG_CXX_LIBRARY = "libc++";
				CLANG_ENABLE_MODULES = YES;
				CLANG_ENABLE_OBJC_ARC = YES;
				CLANG_WARN_BOOL_CONVERSION = YES;
				CLANG_WARN_CONSTANT_CONVERSION = YES;
				CLANG_WARN_DIRECT_OBJC_ISA_USAGE = YES_ERROR;
				CLANG_WARN_EMPTY_BODY = YES;
				CLANG_WARN_ENUM_CONVERSION = YES;
				CLANG_WARN_INT_CONVERSION = YES;
				CLANG_WARN_OBJC_ROOT_CLASS = YES_ERROR;
				CLANG_WARN_UNREACHABLE_CODE = YES;
				CLANG_WARN__DUPLICATE_METHOD_MATCH = YES;
				"CODE_SIGN_IDENTITY[sdk=iphoneos*]" = "iPhone Developer";
				COPY_PHASE_STRIP = NO;
				DEBUG_INFORMATION_FORMAT = "dwarf-with-dsym";
				ENABLE_STRICT_OBJC_MSGSEND = YES;
				GCC_C_LANGUAGE_STANDARD = gnu99;
				GCC_DYNAMIC_NO_PIC = NO;
				GCC_NO_COMMON_BLOCKS = YES;
				GCC_OPTIMIZATION_LEVEL = 0;
				GCC_PREPROCESSOR_DEFINITIONS = (
					"DEBUG=1",
					"$(inherited)",
				);
				GCC_SYMBOLS_PRIVATE_EXTERN = NO;
				GCC_WARN_64_TO_32_BIT_CONVERSION = YES;
				GCC_WARN_ABOUT_RETURN_TYPE = YES_ERROR;
				GCC_WARN_UNDECLARED_SELECTOR = YES;
				GCC_WARN_UNINITIALIZED_AUTOS = YES_AGGRESSIVE;
				GCC_WARN_UNUSED_FUNCTION = YES;
				GCC_WARN_UNUSED_VARIABLE = YES;
				IPHONEOS_DEPLOYMENT_TARGET = 8.3;
				MTL_ENABLE_DEBUG_INFO = YES;
				ONLY_ACTIVE_ARCH = YES;
				SDKROOT = iphoneos;
				SWIFT_OPTIMIZATION_LEVEL = "-Onone";
				TARGETED_DEVICE_FAMILY = 2;
			};
			name = Debug;
		};
		A1C938FB1C18EC0C005107CE /* Release */ = {
			isa = XCBuildConfiguration;
			buildSettings = {
				ALWAYS_SEARCH_USER_PATHS = NO;
				CLANG_CXX_LANGUAGE_STANDARD = "gnu++0x";
				CLANG_CXX_LIBRARY = "libc++";
				CLANG_ENABLE_MODULES = YES;
				CLANG_ENABLE_OBJC_ARC = YES;
				CLANG_WARN_BOOL_CONVERSION = YES;
				CLANG_WARN_CONSTANT_CONVERSION = YES;
				CLANG_WARN_DIRECT_OBJC_ISA_USAGE = YES_ERROR;
				CLANG_WARN_EMPTY_BODY = YES;
				CLANG_WARN_ENUM_CONVERSION = YES;
				CLANG_WARN_INT_CONVERSION = YES;
				CLANG_WARN_OBJC_ROOT_CLASS = YES_ERROR;
				CLANG_WARN_UNREACHABLE_CODE = YES;
				CLANG_WARN__DUPLICATE_METHOD_MATCH = YES;
				"CODE_SIGN_IDENTITY[sdk=iphoneos*]" = "iPhone Developer";
				COPY_PHASE_STRIP = NO;
				DEBUG_INFORMATION_FORMAT = "dwarf-with-dsym";
				ENABLE_NS_ASSERTIONS = NO;
				ENABLE_STRICT_OBJC_MSGSEND = YES;
				GCC_C_LANGUAGE_STANDARD = gnu99;
				GCC_NO_COMMON_BLOCKS = YES;
				GCC_WARN_64_TO_32_BIT_CONVERSION = YES;
				GCC_WARN_ABOUT_RETURN_TYPE = YES_ERROR;
				GCC_WARN_UNDECLARED_SELECTOR = YES;
				GCC_WARN_UNINITIALIZED_AUTOS = YES_AGGRESSIVE;
				GCC_WARN_UNUSED_FUNCTION = YES;
				GCC_WARN_UNUSED_VARIABLE = YES;
				IPHONEOS_DEPLOYMENT_TARGET = 8.3;
				MTL_ENABLE_DEBUG_INFO = NO;
				SDKROOT = iphoneos;
				TARGETED_DEVICE_FAMILY = 2;
				VALIDATE_PRODUCT = YES;
			};
			name = Release;
		};
		A1C938FD1C18EC0C005107CE /* Debug */ = {
			isa = XCBuildConfiguration;
			baseConfigurationReference = 50BC1E9E347625E52E5BF0A6 /* Pods.debug.xcconfig */;
			buildSettings = {
				ASSETCATALOG_COMPILER_APPICON_NAME = AppIcon;
				INFOPLIST_FILE = pivotaltracker_roadmap/Info.plist;
				LD_RUNPATH_SEARCH_PATHS = "$(inherited) @executable_path/Frameworks";
				PRODUCT_NAME = "$(TARGET_NAME)";
				SWIFT_OBJC_BRIDGING_HEADER = "pivotaltracker_roadmap-Bridging-Header.h";
			};
			name = Debug;
		};
		A1C938FE1C18EC0C005107CE /* Release */ = {
			isa = XCBuildConfiguration;
			baseConfigurationReference = B633F52AF6F576A91A3D452C /* Pods.release.xcconfig */;
			buildSettings = {
				ASSETCATALOG_COMPILER_APPICON_NAME = AppIcon;
				INFOPLIST_FILE = pivotaltracker_roadmap/Info.plist;
				LD_RUNPATH_SEARCH_PATHS = "$(inherited) @executable_path/Frameworks";
				PRODUCT_NAME = "$(TARGET_NAME)";
				SWIFT_OBJC_BRIDGING_HEADER = "pivotaltracker_roadmap-Bridging-Header.h";
			};
			name = Release;
		};
		A1C939001C18EC0C005107CE /* Debug */ = {
			isa = XCBuildConfiguration;
			buildSettings = {
				BUNDLE_LOADER = "$(TEST_HOST)";
				FRAMEWORK_SEARCH_PATHS = (
					"$(SDKROOT)/Developer/Library/Frameworks",
					"$(inherited)",
				);
				GCC_PREPROCESSOR_DEFINITIONS = (
					"DEBUG=1",
					"$(inherited)",
				);
				INFOPLIST_FILE = pivotaltracker_roadmapTests/Info.plist;
				LD_RUNPATH_SEARCH_PATHS = "$(inherited) @executable_path/Frameworks @loader_path/Frameworks";
				PRODUCT_NAME = "$(TARGET_NAME)";
				TEST_HOST = "$(BUILT_PRODUCTS_DIR)/pivotaltracker_roadmap.app/pivotaltracker_roadmap";
			};
			name = Debug;
		};
		A1C939011C18EC0C005107CE /* Release */ = {
			isa = XCBuildConfiguration;
			buildSettings = {
				BUNDLE_LOADER = "$(TEST_HOST)";
				FRAMEWORK_SEARCH_PATHS = (
					"$(SDKROOT)/Developer/Library/Frameworks",
					"$(inherited)",
				);
				INFOPLIST_FILE = pivotaltracker_roadmapTests/Info.plist;
				LD_RUNPATH_SEARCH_PATHS = "$(inherited) @executable_path/Frameworks @loader_path/Frameworks";
				PRODUCT_NAME = "$(TARGET_NAME)";
				TEST_HOST = "$(BUILT_PRODUCTS_DIR)/pivotaltracker_roadmap.app/pivotaltracker_roadmap";
			};
			name = Release;
		};
/* End XCBuildConfiguration section */

/* Begin XCConfigurationList section */
		A1C938D51C18EC0B005107CE /* Build configuration list for PBXProject "pivotaltracker_roadmap" */ = {
			isa = XCConfigurationList;
			buildConfigurations = (
				A1C938FA1C18EC0C005107CE /* Debug */,
				A1C938FB1C18EC0C005107CE /* Release */,
			);
			defaultConfigurationIsVisible = 0;
			defaultConfigurationName = Release;
		};
		A1C938FC1C18EC0C005107CE /* Build configuration list for PBXNativeTarget "pivotaltracker_roadmap" */ = {
			isa = XCConfigurationList;
			buildConfigurations = (
				A1C938FD1C18EC0C005107CE /* Debug */,
				A1C938FE1C18EC0C005107CE /* Release */,
			);
			defaultConfigurationIsVisible = 0;
			defaultConfigurationName = Release;
		};
		A1C938FF1C18EC0C005107CE /* Build configuration list for PBXNativeTarget "pivotaltracker_roadmapTests" */ = {
			isa = XCConfigurationList;
			buildConfigurations = (
				A1C939001C18EC0C005107CE /* Debug */,
				A1C939011C18EC0C005107CE /* Release */,
			);
			defaultConfigurationIsVisible = 0;
			defaultConfigurationName = Release;
		};
/* End XCConfigurationList section */

/* Begin XCVersionGroup section */
		A1C938E11C18EC0B005107CE /* pivotaltracker_roadmap.xcdatamodeld */ = {
			isa = XCVersionGroup;
			children = (
				A1C938E21C18EC0B005107CE /* pivotaltracker_roadmap.xcdatamodel */,
			);
			currentVersion = A1C938E21C18EC0B005107CE /* pivotaltracker_roadmap.xcdatamodel */;
			path = pivotaltracker_roadmap.xcdatamodeld;
			sourceTree = "<group>";
			versionGroupType = wrapper.xcdatamodel;
		};
/* End XCVersionGroup section */
	};
	rootObject = A1C938D21C18EC0B005107CE /* Project object */;
}
